
Microsoft Visual Studio Solution File, Format Version 12.00
# Visual Studio Version 17
VisualStudioVersion = 17.14.36121.58 d17.14
MinimumVisualStudioVersion = 10.0.40219.1
Project("{FAE04EC0-301F-11D3-BF4B-00C04F79EFBC}") = "WeatherClient", "WeatherClient.csproj", "{DBCF2A5D-32F7-4EE5-9C01-84B91FA85B7D}"
EndProject
Global
	GlobalSection(SolutionConfigurationPlatforms) = preSolution
		Debug|Any CPU = Debug|Any CPU
		Release|Any CPU = Release|Any CPU
	EndGlobalSection
	GlobalSection(ProjectConfigurationPlatforms) = postSolution
		{DBCF2A5D-32F7-4EE5-9C01-84B91FA85B7D}.Debug|Any CPU.ActiveCfg = Debug|Any CPU
		{DBCF2A5D-32F7-4EE5-9C01-84B91FA85B7D}.Debug|Any CPU.Build.0 = Debug|Any CPU
		{DBCF2A5D-32F7-4EE5-9C01-84B91FA85B7D}.Release|Any CPU.ActiveCfg = Release|Any CPU
		{DBCF2A5D-32F7-4EE5-9C01-84B91FA85B7D}.Release|Any CPU.Build.0 = Release|Any CPU
	EndGlobalSection
	GlobalSection(SolutionProperties) = preSolution
		HideSolutionNode = FALSE
	EndGlobalSection
	GlobalSection(ExtensibilityGlobals) = postSolution
		SolutionGuid = {A8008BD1-941E-455E-A7CB-0554540269A3}
	EndGlobalSection
EndGlobal
